
Microsoft Visual Studio Solution File, Format Version 12.00
# Visual Studio 2017
Project("{FAE04EC0-301F-11D3-BF4B-00C04F79EFBC}") = "PirateSurvival.Plugins", "PirateSurvival.Plugins.csproj", "{AF5ED4CF-C00E-CDD8-BC31-4CFDB4D12C64}"
EndProject
Project("{FAE04EC0-301F-11D3-BF4B-00C04F79EFBC}") = "PirateSurvival", "PirateSurvival.csproj", "{BC5B5A7C-6910-47E0-A412-F280B453FB3B}"
EndProject
Project("{FAE04EC0-301F-11D3-BF4B-00C04F79EFBC}") = "PirateSurvival.Editor", "PirateSurvival.Editor.csproj", "{93EB72CB-4BC8-2433-A854-EAAFD09D479F}"
EndProject
Project("{FAE04EC0-301F-11D3-BF4B-00C04F79EFBC}") = "PirateSurvival.Editor.Plugins", "PirateSurvival.Editor.Plugins.csproj", "{02564906-9114-0ED7-D041-88FD2D178D65}"
EndProject
Global
	GlobalSection(SolutionConfigurationPlatforms) = preSolution
		Debug|Any CPU = Debug|Any CPU
		Release|Any CPU = Release|Any CPU
	EndGlobalSection
	GlobalSection(ProjectConfigurationPlatforms) = postSolution
		{AF5ED4CF-C00E-CDD8-BC31-4CFDB4D12C64}.Debug|Any CPU.ActiveCfg = Debug|Any CPU
		{AF5ED4CF-C00E-CDD8-BC31-4CFDB4D12C64}.Debug|Any CPU.Build.0 = Debug|Any CPU
		{AF5ED4CF-C00E-CDD8-BC31-4CFDB4D12C64}.Release|Any CPU.ActiveCfg = Release|Any CPU
		{AF5ED4CF-C00E-CDD8-BC31-4CFDB4D12C64}.Release|Any CPU.Build.0 = Release|Any CPU
		{BC5B5A7C-6910-47E0-A412-F280B453FB3B}.Debug|Any CPU.ActiveCfg = Debug|Any CPU
		{BC5B5A7C-6910-47E0-A412-F280B453FB3B}.Debug|Any CPU.Build.0 = Debug|Any CPU
		{BC5B5A7C-6910-47E0-A412-F280B453FB3B}.Release|Any CPU.ActiveCfg = Release|Any CPU
		{BC5B5A7C-6910-47E0-A412-F280B453FB3B}.Release|Any CPU.Build.0 = Release|Any CPU
		{93EB72CB-4BC8-2433-A854-EAAFD09D479F}.Debug|Any CPU.ActiveCfg = Debug|Any CPU
		{93EB72CB-4BC8-2433-A854-EAAFD09D479F}.Debug|Any CPU.Build.0 = Debug|Any CPU
		{93EB72CB-4BC8-2433-A854-EAAFD09D479F}.Release|Any CPU.ActiveCfg = Release|Any CPU
		{93EB72CB-4BC8-2433-A854-EAAFD09D479F}.Release|Any CPU.Build.0 = Release|Any CPU
		{02564906-9114-0ED7-D041-88FD2D178D65}.Debug|Any CPU.ActiveCfg = Debug|Any CPU
		{02564906-9114-0ED7-D041-88FD2D178D65}.Debug|Any CPU.Build.0 = Debug|Any CPU
		{02564906-9114-0ED7-D041-88FD2D178D65}.Release|Any CPU.ActiveCfg = Release|Any CPU
		{02564906-9114-0ED7-D041-88FD2D178D65}.Release|Any CPU.Build.0 = Release|Any CPU
	EndGlobalSection
	GlobalSection(SolutionProperties) = preSolution
		HideSolutionNode = FALSE
	EndGlobalSection
EndGlobal
